lockfileVersion: '9.0'

settings:
  autoInstallPeers: true
  excludeLinksFromLockfile: false

importers:

  .:
    dependencies:
      react:
        specifier: ^18.3.1
        version: 18.3.1
    devDependencies:
      '@types/node':
        specifier: ^20.4.2
        version: 20.14.9
      typescript:
        specifier: ^5.1.6
        version: 5.5.2

packages:

  '@types/node@20.14.9':
    resolution: {integrity: sha512-06OCtnTXtWOZBJlRApleWndH4JsRVs1pDCc8dLSQp+7PpUpX3ePdHyeNSFTeSe7FtKyQkrlPvHwJOW3SLd8Oyg==}

  js-tokens@4.0.0:
    resolution: {integrity: sha512-RdJUflcE3cUzKiMqQgsCu06FPu9UdIJO0beYbPhHN4k6apgJtifcoCtT9bcxOpYBtpD2kCM6Sbzg4CausW/PKQ==}

  loose-envify@1.4.0:
    resolution: {integrity: sha512-lyuxPGr/Wfhrlem2CL/UcnUc1zcqKAImBDzukY7Y5F/yQiNdko6+fRLevlw1HgMySw7f611UIY408EtxRSoK3Q==}
    hasBin: true

  react@18.3.1:
    resolution: {integrity: sha512-wS+hAgJShR0KhEvPJArfuPVN1+Hz1t0Y6n5jLrGQbkb4urgPE/0Rve+1kMB1v/oWgHgm4WIcV+i7F2pTVj+2iQ==}
    engines: {node: '>=0.10.0'}

  typescript@5.5.2:
    resolution: {integrity: sha512-NcRtPEOsPFFWjobJEtfihkLCZCXZt/os3zf8nTxjVH3RvTSxjrCamJpbExGvYOF+tFHc3pA65qpdwPbzjohhew==}
    engines: {node: '>=14.17'}
    hasBin: true

  undici-types@5.26.5:
    resolution: {integrity: sha512-JlCMO+ehdEIKqlFxk6IfVoAUVmgz7cU7zD/h9XZ0qzeosSHmUJVOzSQvvYSYWXkFXC+IfLKSIffhv0sVZup6pA==}

snapshots:

  '@types/node@20.14.9':
    dependencies:
      undici-types: 5.26.5

  js-tokens@4.0.0: {}

  loose-envify@1.4.0:
    dependencies:
      js-tokens: 4.0.0

  react@18.3.1:
    dependencies:
      loose-envify: 1.4.0

  typescript@5.5.2: {}

  undici-types@5.26.5: {}
